
Microsoft Visual Studio Solution File, Format Version 12.00
# Visual Studio Version 17
VisualStudioVersion = 17.6.33829.357
MinimumVisualStudioVersion = 10.0.40219.1
Project("{FAE04EC0-301F-11D3-BF4B-00C04F79EFBC}") = "InterviewFAQ", "InterviewFAQ.csproj", "{9F5133CC-BBE1-4DA3-87FC-20D447759D69}"
EndProject
Global
	GlobalSection(SolutionConfigurationPlatforms) = preSolution
		Debug|Any CPU = Debug|Any CPU
		Release|Any CPU = Release|Any CPU
	EndGlobalSection
	GlobalSection(ProjectConfigurationPlatforms) = postSolution
		{9F5133CC-BBE1-4DA3-87FC-20D447759D69}.Debug|Any CPU.ActiveCfg = Debug|Any CPU
		{9F5133CC-BBE1-4DA3-87FC-20D447759D69}.Debug|Any CPU.Build.0 = Debug|Any CPU
		{9F5133CC-BBE1-4DA3-87FC-20D447759D69}.Release|Any CPU.ActiveCfg = Release|Any CPU
		{9F5133CC-BBE1-4DA3-87FC-20D447759D69}.Release|Any CPU.Build.0 = Release|Any CPU
	EndGlobalSection
	GlobalSection(SolutionProperties) = preSolution
		HideSolutionNode = FALSE
	EndGlobalSection
	GlobalSection(ExtensibilityGlobals) = postSolution
		SolutionGuid = {EC2BCC5E-865B-4D86-8418-863E46431621}
	EndGlobalSection
EndGlobal
